
Microsoft Visual Studio Solution File, Format Version 12.00
# Visual Studio Version 17
VisualStudioVersion = 17.9.34622.214
MinimumVisualStudioVersion = 10.0.40219.1
Project("{9A19103F-16F7-4668-BE54-9A1E7A4F7556}") = "myFirstBlog", "myFirstBlog\myFirstBlog.csproj", "{2BB0B5A4-705A-44AA-8E0D-B76969DA8117}"
EndProject
Project("{FAE04EC0-301F-11D3-BF4B-00C04F79EFBC}") = "myFirstBlog.DataAccess", "myFirstBlog.DataAccess\myFirstBlog.DataAccess.csproj", "{E9FE0EE7-F7D0-41F8-A988-6C92535E856C}"
EndProject
Project("{FAE04EC0-301F-11D3-BF4B-00C04F79EFBC}") = "myFirstBlog.Models", "myFirstBlog.Models\myFirstBlog.Models.csproj", "{F608C437-F081-4F47-9485-6D1B2019E4FE}"
EndProject
Project("{FAE04EC0-301F-11D3-BF4B-00C04F79EFBC}") = "myfirstBlog.Utility", "myfirstBlog.Utility\myfirstBlog.Utility.csproj", "{A4C0E47B-211D-453A-A7BE-37A819CCA686}"
EndProject
Global
	GlobalSection(SolutionConfigurationPlatforms) = preSolution
		Debug|Any CPU = Debug|Any CPU
		Release|Any CPU = Release|Any CPU
	EndGlobalSection
	GlobalSection(ProjectConfigurationPlatforms) = postSolution
		{2BB0B5A4-705A-44AA-8E0D-B76969DA8117}.Debug|Any CPU.ActiveCfg = Debug|Any CPU
		{2BB0B5A4-705A-44AA-8E0D-B76969DA8117}.Debug|Any CPU.Build.0 = Debug|Any CPU
		{2BB0B5A4-705A-44AA-8E0D-B76969DA8117}.Release|Any CPU.ActiveCfg = Release|Any CPU
		{2BB0B5A4-705A-44AA-8E0D-B76969DA8117}.Release|Any CPU.Build.0 = Release|Any CPU
		{E9FE0EE7-F7D0-41F8-A988-6C92535E856C}.Debug|Any CPU.ActiveCfg = Debug|Any CPU
		{E9FE0EE7-F7D0-41F8-A988-6C92535E856C}.Debug|Any CPU.Build.0 = Debug|Any CPU
		{E9FE0EE7-F7D0-41F8-A988-6C92535E856C}.Release|Any CPU.ActiveCfg = Release|Any CPU
		{E9FE0EE7-F7D0-41F8-A988-6C92535E856C}.Release|Any CPU.Build.0 = Release|Any CPU
		{F608C437-F081-4F47-9485-6D1B2019E4FE}.Debug|Any CPU.ActiveCfg = Debug|Any CPU
		{F608C437-F081-4F47-9485-6D1B2019E4FE}.Debug|Any CPU.Build.0 = Debug|Any CPU
		{F608C437-F081-4F47-9485-6D1B2019E4FE}.Release|Any CPU.ActiveCfg = Release|Any CPU
		{F608C437-F081-4F47-9485-6D1B2019E4FE}.Release|Any CPU.Build.0 = Release|Any CPU
		{A4C0E47B-211D-453A-A7BE-37A819CCA686}.Debug|Any CPU.ActiveCfg = Debug|Any CPU
		{A4C0E47B-211D-453A-A7BE-37A819CCA686}.Debug|Any CPU.Build.0 = Debug|Any CPU
		{A4C0E47B-211D-453A-A7BE-37A819CCA686}.Release|Any CPU.ActiveCfg = Release|Any CPU
		{A4C0E47B-211D-453A-A7BE-37A819CCA686}.Release|Any CPU.Build.0 = Release|Any CPU
	EndGlobalSection
	GlobalSection(SolutionProperties) = preSolution
		HideSolutionNode = FALSE
	EndGlobalSection
	GlobalSection(ExtensibilityGlobals) = postSolution
		SolutionGuid = {BD890085-476D-4971-BE62-222CE4482C72}
	EndGlobalSection
EndGlobal
